
Microsoft Visual Studio Solution File, Format Version 12.00
# Visual Studio 15
VisualStudioVersion = 15.0.28307.489
MinimumVisualStudioVersion = 10.0.40219.1
Project("{FAE04EC0-301F-11D3-BF4B-00C04F79EFBC}") = "LAB11-MVC", "LAB11-MVC\LAB11-MVC.csproj", "{2DBB3E55-4B09-4682-9605-C03B57867FCC}"
EndProject
Global
	GlobalSection(SolutionConfigurationPlatforms) = preSolution
		Debug|Any CPU = Debug|Any CPU
		Release|Any CPU = Release|Any CPU
	EndGlobalSection
	GlobalSection(ProjectConfigurationPlatforms) = postSolution
		{2DBB3E55-4B09-4682-9605-C03B57867FCC}.Debug|Any CPU.ActiveCfg = Debug|Any CPU
		{2DBB3E55-4B09-4682-9605-C03B57867FCC}.Debug|Any CPU.Build.0 = Debug|Any CPU
		{2DBB3E55-4B09-4682-9605-C03B57867FCC}.Release|Any CPU.ActiveCfg = Release|Any CPU
		{2DBB3E55-4B09-4682-9605-C03B57867FCC}.Release|Any CPU.Build.0 = Release|Any CPU
	EndGlobalSection
	GlobalSection(SolutionProperties) = preSolution
		HideSolutionNode = FALSE
	EndGlobalSection
	GlobalSection(ExtensibilityGlobals) = postSolution
		SolutionGuid = {75DDA29E-3C0D-4171-A648-5275CFE2A5C0}
	EndGlobalSection
EndGlobal
